{
    "name": "SIGAC",
    "lockfileVersion": 2,
    "requires": true,
    "packages": {
        "": {
            "name": "SIGAC",
            "dependencies": {
                "SIGAC": "file:"
            }
        },
        "node_modules/SIGAC": {
            "resolved": "",
            "link": true
        }
    },
    "dependencies": {
        "SIGAC": {
            "version": "file:",
            "requires": {
                "SIGAC": "file:"
            }
        }
    }
}
